
Microsoft Visual Studio Solution File, Format Version 12.00
# Visual Studio Version 16
VisualStudioVersion = 16.0.31112.23
MinimumVisualStudioVersion = 10.0.40219.1
Project("{FAE04EC0-301F-11D3-BF4B-00C04F79EFBC}") = "Sorts", "Sorts\Sorts.csproj", "{0C71DBF9-8ACC-4192-9278-79E4DAA1CFE9}"
EndProject
Global
	GlobalSection(SolutionConfigurationPlatforms) = preSolution
		Debug|Any CPU = Debug|Any CPU
		Release|Any CPU = Release|Any CPU
	EndGlobalSection
	GlobalSection(ProjectConfigurationPlatforms) = postSolution
		{0C71DBF9-8ACC-4192-9278-79E4DAA1CFE9}.Debug|Any CPU.ActiveCfg = Debug|Any CPU
		{0C71DBF9-8ACC-4192-9278-79E4DAA1CFE9}.Debug|Any CPU.Build.0 = Debug|Any CPU
		{0C71DBF9-8ACC-4192-9278-79E4DAA1CFE9}.Release|Any CPU.ActiveCfg = Release|Any CPU
		{0C71DBF9-8ACC-4192-9278-79E4DAA1CFE9}.Release|Any CPU.Build.0 = Release|Any CPU
	EndGlobalSection
	GlobalSection(SolutionProperties) = preSolution
		HideSolutionNode = FALSE
	EndGlobalSection
	GlobalSection(ExtensibilityGlobals) = postSolution
		SolutionGuid = {1EE8B172-6838-40B8-9269-7221E2848B4E}
	EndGlobalSection
EndGlobal
